
Microsoft Visual Studio Solution File, Format Version 12.00
# Visual Studio 15
VisualStudioVersion = 15.0.27004.2006
MinimumVisualStudioVersion = 10.0.40219.1
Project("{9A19103F-16F7-4668-BE54-9A1E7A4F7556}") = "CustomerTestProject.Api", "CustomerTestProject.Api\CustomerTestProject.Api.csproj", "{3225E1A8-95C7-4672-ADB8-F88FCB69BF5C}"
EndProject
Project("{FAE04EC0-301F-11D3-BF4B-00C04F79EFBC}") = "CustomerTestProject.DAL", "CustomerTestProject.DAL\CustomerTestProject.DAL.csproj", "{23DE0996-7753-48FD-B152-4C23739999ED}"
EndProject
Project("{FAE04EC0-301F-11D3-BF4B-00C04F79EFBC}") = "CustomerTestProject.Infrastructure", "CustomerTestProject.Infrastructure\CustomerTestProject.Infrastructure.csproj", "{2B23B9DF-E172-4432-854A-F33C2B81F64F}"
EndProject
Global
	GlobalSection(SolutionConfigurationPlatforms) = preSolution
		Debug|Any CPU = Debug|Any CPU
		Release|Any CPU = Release|Any CPU
	EndGlobalSection
	GlobalSection(ProjectConfigurationPlatforms) = postSolution
		{3225E1A8-95C7-4672-ADB8-F88FCB69BF5C}.Debug|Any CPU.ActiveCfg = Debug|Any CPU
		{3225E1A8-95C7-4672-ADB8-F88FCB69BF5C}.Debug|Any CPU.Build.0 = Debug|Any CPU
		{3225E1A8-95C7-4672-ADB8-F88FCB69BF5C}.Release|Any CPU.ActiveCfg = Release|Any CPU
		{3225E1A8-95C7-4672-ADB8-F88FCB69BF5C}.Release|Any CPU.Build.0 = Release|Any CPU
		{23DE0996-7753-48FD-B152-4C23739999ED}.Debug|Any CPU.ActiveCfg = Debug|Any CPU
		{23DE0996-7753-48FD-B152-4C23739999ED}.Debug|Any CPU.Build.0 = Debug|Any CPU
		{23DE0996-7753-48FD-B152-4C23739999ED}.Release|Any CPU.ActiveCfg = Release|Any CPU
		{23DE0996-7753-48FD-B152-4C23739999ED}.Release|Any CPU.Build.0 = Release|Any CPU
		{2B23B9DF-E172-4432-854A-F33C2B81F64F}.Debug|Any CPU.ActiveCfg = Debug|Any CPU
		{2B23B9DF-E172-4432-854A-F33C2B81F64F}.Debug|Any CPU.Build.0 = Debug|Any CPU
		{2B23B9DF-E172-4432-854A-F33C2B81F64F}.Release|Any CPU.ActiveCfg = Release|Any CPU
		{2B23B9DF-E172-4432-854A-F33C2B81F64F}.Release|Any CPU.Build.0 = Release|Any CPU
	EndGlobalSection
	GlobalSection(SolutionProperties) = preSolution
		HideSolutionNode = FALSE
	EndGlobalSection
	GlobalSection(ExtensibilityGlobals) = postSolution
		SolutionGuid = {775A7FC5-54B4-4039-9B41-37EDCC91459B}
	EndGlobalSection
EndGlobal
